
Microsoft Visual Studio Solution File, Format Version 12.00
# Visual Studio Version 16
VisualStudioVersion = 16.0.30002.166
MinimumVisualStudioVersion = 10.0.40219.1
Project("{9A19103F-16F7-4668-BE54-9A1E7A4F7556}") = "TrayApp", "TrayApp\TrayApp.csproj", "{EDAF9B23-6C22-4C71-A212-B6CF108640C6}"
EndProject
Project("{930C7802-8A8C-48F9-8165-68863BCCD9DD}") = "SetupProject", "SetupProject\SetupProject.wixproj", "{F4495B6D-98FE-4153-AF4C-84282295CE34}"
EndProject
Global
	GlobalSection(SolutionConfigurationPlatforms) = preSolution
		Debug|Any CPU = Debug|Any CPU
		Debug|x86 = Debug|x86
		Release|Any CPU = Release|Any CPU
		Release|x86 = Release|x86
	EndGlobalSection
	GlobalSection(ProjectConfigurationPlatforms) = postSolution
		{EDAF9B23-6C22-4C71-A212-B6CF108640C6}.Debug|Any CPU.ActiveCfg = Debug|Any CPU
		{EDAF9B23-6C22-4C71-A212-B6CF108640C6}.Debug|Any CPU.Build.0 = Debug|Any CPU
		{EDAF9B23-6C22-4C71-A212-B6CF108640C6}.Debug|x86.ActiveCfg = Debug|Any CPU
		{EDAF9B23-6C22-4C71-A212-B6CF108640C6}.Debug|x86.Build.0 = Debug|Any CPU
		{EDAF9B23-6C22-4C71-A212-B6CF108640C6}.Release|Any CPU.ActiveCfg = Release|Any CPU
		{EDAF9B23-6C22-4C71-A212-B6CF108640C6}.Release|Any CPU.Build.0 = Release|Any CPU
		{EDAF9B23-6C22-4C71-A212-B6CF108640C6}.Release|x86.ActiveCfg = Release|Any CPU
		{EDAF9B23-6C22-4C71-A212-B6CF108640C6}.Release|x86.Build.0 = Release|Any CPU
		{F4495B6D-98FE-4153-AF4C-84282295CE34}.Debug|Any CPU.ActiveCfg = Debug|x86
		{F4495B6D-98FE-4153-AF4C-84282295CE34}.Debug|x86.ActiveCfg = Debug|x86
		{F4495B6D-98FE-4153-AF4C-84282295CE34}.Debug|x86.Build.0 = Debug|x86
		{F4495B6D-98FE-4153-AF4C-84282295CE34}.Release|Any CPU.ActiveCfg = Release|x86
		{F4495B6D-98FE-4153-AF4C-84282295CE34}.Release|x86.ActiveCfg = Release|x86
		{F4495B6D-98FE-4153-AF4C-84282295CE34}.Release|x86.Build.0 = Release|x86
	EndGlobalSection
	GlobalSection(SolutionProperties) = preSolution
		HideSolutionNode = FALSE
	EndGlobalSection
	GlobalSection(ExtensibilityGlobals) = postSolution
		SolutionGuid = {6730140C-1ED5-482D-969B-146C8BB6BA2A}
	EndGlobalSection
EndGlobal
